
Microsoft Visual Studio Solution File, Format Version 12.00
# Visual Studio 15
VisualStudioVersion = 15.0.28307.779
MinimumVisualStudioVersion = 10.0.40219.1
Project("{FAE04EC0-301F-11D3-BF4B-00C04F79EFBC}") = "HouseRentalMVC", "HouseRentalMVC\HouseRentalMVC.csproj", "{C0892C97-C080-4D60-8420-8F655F683B71}"
EndProject
Global
	GlobalSection(SolutionConfigurationPlatforms) = preSolution
		Debug|Any CPU = Debug|Any CPU
		Release|Any CPU = Release|Any CPU
	EndGlobalSection
	GlobalSection(ProjectConfigurationPlatforms) = postSolution
		{C0892C97-C080-4D60-8420-8F655F683B71}.Debug|Any CPU.ActiveCfg = Debug|Any CPU
		{C0892C97-C080-4D60-8420-8F655F683B71}.Debug|Any CPU.Build.0 = Debug|Any CPU
		{C0892C97-C080-4D60-8420-8F655F683B71}.Release|Any CPU.ActiveCfg = Release|Any CPU
		{C0892C97-C080-4D60-8420-8F655F683B71}.Release|Any CPU.Build.0 = Release|Any CPU
	EndGlobalSection
	GlobalSection(SolutionProperties) = preSolution
		HideSolutionNode = FALSE
	EndGlobalSection
	GlobalSection(ExtensibilityGlobals) = postSolution
		SolutionGuid = {C2B1F39C-A5D6-4D7A-838B-A2C25B24F022}
	EndGlobalSection
EndGlobal
